// !$*UTF8*$!
{
	archiveVersion = 1;
	classes = {
	};
	objectVersion = 56;
	objects = {

/* Begin PBXBuildFile section */
		7A0AABC02AB9F738009E0DF7 /* DogeDexApp.swift in Sources */ = {isa = PBXBuildFile; fileRef = 7A0AABBF2AB9F738009E0DF7 /* DogeDexApp.swift */; };
		7A0AABC22AB9F738009E0DF7 /* ContentView.swift in Sources */ = {isa = PBXBuildFile; fileRef = 7A0AABC12AB9F738009E0DF7 /* ContentView.swift */; };
		7A0AABC42AB9F73A009E0DF7 /* Assets.xcassets in Resources */ = {isa = PBXBuildFile; fileRef = 7A0AABC32AB9F73A009E0DF7 /* Assets.xcassets */; };
		7A0AABC72AB9F73A009E0DF7 /* Preview Assets.xcassets in Resources */ = {isa = PBXBuildFile; fileRef = 7A0AABC62AB9F73A009E0DF7 /* Preview Assets.xcassets */; };
		7A0AABD12AB9F73A009E0DF7 /* DogeDexTests.swift in Sources */ = {isa = PBXBuildFile; fileRef = 7A0AABD02AB9F73A009E0DF7 /* DogeDexTests.swift */; };
		7A0AABDB2AB9F73A009E0DF7 /* DogeDexUITests.swift in Sources */ = {isa = PBXBuildFile; fileRef = 7A0AABDA2AB9F73A009E0DF7 /* DogeDexUITests.swift */; };
		7A0AABDD2AB9F73A009E0DF7 /* DogeDexUITestsLaunchTests.swift in Sources */ = {isa = PBXBuildFile; fileRef = 7A0AABDC2AB9F73A009E0DF7 /* DogeDexUITestsLaunchTests.swift */; };
		7A0AABEB2ABA31BA009E0DF7 /* Dogs.json in Resources */ = {isa = PBXBuildFile; fileRef = 7A0AABEA2ABA31BA009E0DF7 /* Dogs.json */; };
		7A0AABEE2ABA32B0009E0DF7 /* Helpers.swift in Sources */ = {isa = PBXBuildFile; fileRef = 7A0AABED2ABA32B0009E0DF7 /* Helpers.swift */; };
		7A0AABF12ABA35B0009E0DF7 /* DogModel.swift in Sources */ = {isa = PBXBuildFile; fileRef = 7A0AABF02ABA35B0009E0DF7 /* DogModel.swift */; };
		7A0AABF42ABB3BA1009E0DF7 /* DogViewModel.swift in Sources */ = {isa = PBXBuildFile; fileRef = 7A0AABF32ABB3BA1009E0DF7 /* DogViewModel.swift */; };
		7A0AABF72ABB3BBE009E0DF7 /* DogManager.swift in Sources */ = {isa = PBXBuildFile; fileRef = 7A0AABF62ABB3BBE009E0DF7 /* DogManager.swift */; };
		7A0AABFA2ABB4E84009E0DF7 /* DogDetailView.swift in Sources */ = {isa = PBXBuildFile; fileRef = 7A0AABF92ABB4E84009E0DF7 /* DogDetailView.swift */; };
		7A0AABFE2ABB5150009E0DF7 /* DogView.swift in Sources */ = {isa = PBXBuildFile; fileRef = 7A0AABFD2ABB5150009E0DF7 /* DogView.swift */; };
		7A865D222BA2400D00FB2C94 /* 404_Dog.png in Resources */ = {isa = PBXBuildFile; fileRef = 7A865D212BA2400D00FB2C94 /* 404_Dog.png */; };
		7AF32BA12ABD01A500AEABAF /* DogExpandedCardView.swift in Sources */ = {isa = PBXBuildFile; fileRef = 7AF32BA02ABD01A500AEABAF /* DogExpandedCardView.swift */; };
/* End PBXBuildFile section */

/* Begin PBXContainerItemProxy section */
		7A0AABCD2AB9F73A009E0DF7 /* PBXContainerItemProxy */ = {
			isa = PBXContainerItemProxy;
			containerPortal = 7A0AABB42AB9F738009E0DF7 /* Project object */;
			proxyType = 1;
			remoteGlobalIDString = 7A0AABBB2AB9F738009E0DF7;
			remoteInfo = DogeDex;
		};
		7A0AABD72AB9F73A009E0DF7 /* PBXContainerItemProxy */ = {
			isa = PBXContainerItemProxy;
			containerPortal = 7A0AABB42AB9F738009E0DF7 /* Project object */;
			proxyType = 1;
			remoteGlobalIDString = 7A0AABBB2AB9F738009E0DF7;
			remoteInfo = DogeDex;
		};
/* End PBXContainerItemProxy section */

/* Begin PBXFileReference section */
		7A0AABBC2AB9F738009E0DF7 /* DogeDex.app */ = {isa = PBXFileReference; explicitFileType = wrapper.application; includeInIndex = 0; path = DogeDex.app; sourceTree = BUILT_PRODUCTS_DIR; };
		7A0AABBF2AB9F738009E0DF7 /* DogeDexApp.swift */ = {isa = PBXFileReference; lastKnownFileType = sourcecode.swift; path = DogeDexApp.swift; sourceTree = "<group>"; };
		7A0AABC12AB9F738009E0DF7 /* ContentView.swift */ = {isa = PBXFileReference; lastKnownFileType = sourcecode.swift; path = ContentView.swift; sourceTree = "<group>"; };
		7A0AABC32AB9F73A009E0DF7 /* Assets.xcassets */ = {isa = PBXFileReference; lastKnownFileType = folder.assetcatalog; path = Assets.xcassets; sourceTree = "<group>"; };
		7A0AABC62AB9F73A009E0DF7 /* Preview Assets.xcassets */ = {isa = PBXFileReference; lastKnownFileType = folder.assetcatalog; path = "Preview Assets.xcassets"; sourceTree = "<group>"; };
		7A0AABCC2AB9F73A009E0DF7 /* DogeDexTests.xctest */ = {isa = PBXFileReference; explicitFileType = wrapper.cfbundle; includeInIndex = 0; path = DogeDexTests.xctest; sourceTree = BUILT_PRODUCTS_DIR; };
		7A0AABD02AB9F73A009E0DF7 /* DogeDexTests.swift */ = {isa = PBXFileReference; lastKnownFileType = sourcecode.swift; path = DogeDexTests.swift; sourceTree = "<group>"; };
		7A0AABD62AB9F73A009E0DF7 /* DogeDexUITests.xctest */ = {isa = PBXFileReference; explicitFileType = wrapper.cfbundle; includeInIndex = 0; path = DogeDexUITests.xctest; sourceTree = BUILT_PRODUCTS_DIR; };
		7A0AABDA2AB9F73A009E0DF7 /* DogeDexUITests.swift */ = {isa = PBXFileReference; lastKnownFileType = sourcecode.swift; path = DogeDexUITests.swift; sourceTree = "<group>"; };
		7A0AABDC2AB9F73A009E0DF7 /* DogeDexUITestsLaunchTests.swift */ = {isa = PBXFileReference; lastKnownFileType = sourcecode.swift; path = DogeDexUITestsLaunchTests.swift; sourceTree = "<group>"; };
		7A0AABEA2ABA31BA009E0DF7 /* Dogs.json */ = {isa = PBXFileReference; lastKnownFileType = text.json; path = Dogs.json; sourceTree = "<group>"; };
		7A0AABED2ABA32B0009E0DF7 /* Helpers.swift */ = {isa = PBXFileReference; lastKnownFileType = sourcecode.swift; path = Helpers.swift; sourceTree = "<group>"; };
		7A0AABF02ABA35B0009E0DF7 /* DogModel.swift */ = {isa = PBXFileReference; lastKnownFileType = sourcecode.swift; path = DogModel.swift; sourceTree = "<group>"; };
		7A0AABF32ABB3BA1009E0DF7 /* DogViewModel.swift */ = {isa = PBXFileReference; lastKnownFileType = sourcecode.swift; path = DogViewModel.swift; sourceTree = "<group>"; };
		7A0AABF62ABB3BBE009E0DF7 /* DogManager.swift */ = {isa = PBXFileReference; lastKnownFileType = sourcecode.swift; path = DogManager.swift; sourceTree = "<group>"; };
		7A0AABF92ABB4E84009E0DF7 /* DogDetailView.swift */ = {isa = PBXFileReference; lastKnownFileType = sourcecode.swift; path = DogDetailView.swift; sourceTree = "<group>"; };
		7A0AABFD2ABB5150009E0DF7 /* DogView.swift */ = {isa = PBXFileReference; lastKnownFileType = sourcecode.swift; path = DogView.swift; sourceTree = "<group>"; };
		7A865D212BA2400D00FB2C94 /* 404_Dog.png */ = {isa = PBXFileReference; lastKnownFileType = image.png; path = 404_Dog.png; sourceTree = "<group>"; };
		7AF32BA02ABD01A500AEABAF /* DogExpandedCardView.swift */ = {isa = PBXFileReference; lastKnownFileType = sourcecode.swift; path = DogExpandedCardView.swift; sourceTree = "<group>"; };
/* End PBXFileReference section */

/* Begin PBXFrameworksBuildPhase section */
		7A0AABB92AB9F738009E0DF7 /* Frameworks */ = {
			isa = PBXFrameworksBuildPhase;
			buildActionMask = 2147483647;
			files = (
			);
			runOnlyForDeploymentPostprocessing = 0;
		};
		7A0AABC92AB9F73A009E0DF7 /* Frameworks */ = {
			isa = PBXFrameworksBuildPhase;
			buildActionMask = 2147483647;
			files = (
			);
			runOnlyForDeploymentPostprocessing = 0;
		};
		7A0AABD32AB9F73A009E0DF7 /* Frameworks */ = {
			isa = PBXFrameworksBuildPhase;
			buildActionMask = 2147483647;
			files = (
			);
			runOnlyForDeploymentPostprocessing = 0;
		};
/* End PBXFrameworksBuildPhase section */

/* Begin PBXGroup section */
		7A0AABB32AB9F738009E0DF7 = {
			isa = PBXGroup;
			children = (
				7A865D212BA2400D00FB2C94 /* 404_Dog.png */,
				7A0AABF82ABB4E41009E0DF7 /* View */,
				7A0AABF52ABB3BAB009E0DF7 /* Managers */,
				7A0AABF22ABB3AC1009E0DF7 /* ViewModel */,
				7A0AABEF2ABA359A009E0DF7 /* Model */,
				7A0AABEC2ABA329F009E0DF7 /* Helpers */,
				7A0AABE92ABA3184009E0DF7 /* Data */,
				7A0AABBE2AB9F738009E0DF7 /* DogeDex */,
				7A0AABCF2AB9F73A009E0DF7 /* DogeDexTests */,
				7A0AABD92AB9F73A009E0DF7 /* DogeDexUITests */,
				7A0AABBD2AB9F738009E0DF7 /* Products */,
			);
			sourceTree = "<group>";
		};
		7A0AABBD2AB9F738009E0DF7 /* Products */ = {
			isa = PBXGroup;
			children = (
				7A0AABBC2AB9F738009E0DF7 /* DogeDex.app */,
				7A0AABCC2AB9F73A009E0DF7 /* DogeDexTests.xctest */,
				7A0AABD62AB9F73A009E0DF7 /* DogeDexUITests.xctest */,
			);
			name = Products;
			sourceTree = "<group>";
		};
		7A0AABBE2AB9F738009E0DF7 /* DogeDex */ = {
			isa = PBXGroup;
			children = (
				7A0AABBF2AB9F738009E0DF7 /* DogeDexApp.swift */,
				7A0AABC32AB9F73A009E0DF7 /* Assets.xcassets */,
				7A0AABC52AB9F73A009E0DF7 /* Preview Content */,
			);
			path = DogeDex;
			sourceTree = "<group>";
		};
		7A0AABC52AB9F73A009E0DF7 /* Preview Content */ = {
			isa = PBXGroup;
			children = (
				7A0AABC62AB9F73A009E0DF7 /* Preview Assets.xcassets */,
			);
			path = "Preview Content";
			sourceTree = "<group>";
		};
		7A0AABCF2AB9F73A009E0DF7 /* DogeDexTests */ = {
			isa = PBXGroup;
			children = (
				7A0AABD02AB9F73A009E0DF7 /* DogeDexTests.swift */,
			);
			path = DogeDexTests;
			sourceTree = "<group>";
		};
		7A0AABD92AB9F73A009E0DF7 /* DogeDexUITests */ = {
			isa = PBXGroup;
			children = (
				7A0AABDA2AB9F73A009E0DF7 /* DogeDexUITests.swift */,
				7A0AABDC2AB9F73A009E0DF7 /* DogeDexUITestsLaunchTests.swift */,
			);
			path = DogeDexUITests;
			sourceTree = "<group>";
		};
		7A0AABE92ABA3184009E0DF7 /* Data */ = {
			isa = PBXGroup;
			children = (
				7A0AABEA2ABA31BA009E0DF7 /* Dogs.json */,
			);
			path = Data;
			sourceTree = "<group>";
		};
		7A0AABEC2ABA329F009E0DF7 /* Helpers */ = {
			isa = PBXGroup;
			children = (
				7A0AABED2ABA32B0009E0DF7 /* Helpers.swift */,
			);
			path = Helpers;
			sourceTree = "<group>";
		};
		7A0AABEF2ABA359A009E0DF7 /* Model */ = {
			isa = PBXGroup;
			children = (
				7A0AABF02ABA35B0009E0DF7 /* DogModel.swift */,
			);
			path = Model;
			sourceTree = "<group>";
		};
		7A0AABF22ABB3AC1009E0DF7 /* ViewModel */ = {
			isa = PBXGroup;
			children = (
				7A0AABF32ABB3BA1009E0DF7 /* DogViewModel.swift */,
			);
			path = ViewModel;
			sourceTree = "<group>";
		};
		7A0AABF52ABB3BAB009E0DF7 /* Managers */ = {
			isa = PBXGroup;
			children = (
				7A0AABF62ABB3BBE009E0DF7 /* DogManager.swift */,
			);
			path = Managers;
			sourceTree = "<group>";
		};
		7A0AABF82ABB4E41009E0DF7 /* View */ = {
			isa = PBXGroup;
			children = (
				7A0AABC12AB9F738009E0DF7 /* ContentView.swift */,
				7A0AABF92ABB4E84009E0DF7 /* DogDetailView.swift */,
				7A0AABFD2ABB5150009E0DF7 /* DogView.swift */,
				7AF32BA02ABD01A500AEABAF /* DogExpandedCardView.swift */,
			);
			path = View;
			sourceTree = "<group>";
		};
/* End PBXGroup section */

/* Begin PBXNativeTarget section */
		7A0AABBB2AB9F738009E0DF7 /* DogeDex */ = {
			isa = PBXNativeTarget;
			buildConfigurationList = 7A0AABE02AB9F73A009E0DF7 /* Build configuration list for PBXNativeTarget "DogeDex" */;
			buildPhases = (
				7A0AABB82AB9F738009E0DF7 /* Sources */,
				7A0AABB92AB9F738009E0DF7 /* Frameworks */,
				7A0AABBA2AB9F738009E0DF7 /* Resources */,
			);
			buildRules = (
			);
			dependencies = (
			);
			name = DogeDex;
			productName = DogeDex;
			productReference = 7A0AABBC2AB9F738009E0DF7 /* DogeDex.app */;
			productType = "com.apple.product-type.application";
		};
		7A0AABCB2AB9F73A009E0DF7 /* DogeDexTests */ = {
			isa = PBXNativeTarget;
			buildConfigurationList = 7A0AABE32AB9F73A009E0DF7 /* Build configuration list for PBXNativeTarget "DogeDexTests" */;
			buildPhases = (
				7A0AABC82AB9F73A009E0DF7 /* Sources */,
				7A0AABC92AB9F73A009E0DF7 /* Frameworks */,
				7A0AABCA2AB9F73A009E0DF7 /* Resources */,
			);
			buildRules = (
			);
			dependencies = (
				7A0AABCE2AB9F73A009E0DF7 /* PBXTargetDependency */,
			);
			name = DogeDexTests;
			productName = DogeDexTests;
			productReference = 7A0AABCC2AB9F73A009E0DF7 /* DogeDexTests.xctest */;
			productType = "com.apple.product-type.bundle.unit-test";
		};
		7A0AABD52AB9F73A009E0DF7 /* DogeDexUITests */ = {
			isa = PBXNativeTarget;
			buildConfigurationList = 7A0AABE62AB9F73A009E0DF7 /* Build configuration list for PBXNativeTarget "DogeDexUITests" */;
			buildPhases = (
				7A0AABD22AB9F73A009E0DF7 /* Sources */,
				7A0AABD32AB9F73A009E0DF7 /* Frameworks */,
				7A0AABD42AB9F73A009E0DF7 /* Resources */,
			);
			buildRules = (
			);
			dependencies = (
				7A0AABD82AB9F73A009E0DF7 /* PBXTargetDependency */,
			);
			name = DogeDexUITests;
			productName = DogeDexUITests;
			productReference = 7A0AABD62AB9F73A009E0DF7 /* DogeDexUITests.xctest */;
			productType = "com.apple.product-type.bundle.ui-testing";
		};
/* End PBXNativeTarget section */

/* Begin PBXProject section */
		7A0AABB42AB9F738009E0DF7 /* Project object */ = {
			isa = PBXProject;
			attributes = {
				BuildIndependentTargetsInParallel = 1;
				LastSwiftUpdateCheck = 1420;
				LastUpgradeCheck = 1420;
				TargetAttributes = {
					7A0AABBB2AB9F738009E0DF7 = {
						CreatedOnToolsVersion = 14.2;
					};
					7A0AABCB2AB9F73A009E0DF7 = {
						CreatedOnToolsVersion = 14.2;
						TestTargetID = 7A0AABBB2AB9F738009E0DF7;
					};
					7A0AABD52AB9F73A009E0DF7 = {
						CreatedOnToolsVersion = 14.2;
						TestTargetID = 7A0AABBB2AB9F738009E0DF7;
					};
				};
			};
			buildConfigurationList = 7A0AABB72AB9F738009E0DF7 /* Build configuration list for PBXProject "DogeDex" */;
			compatibilityVersion = "Xcode 14.0";
			developmentRegion = en;
			hasScannedForEncodings = 0;
			knownRegions = (
				en,
				Base,
			);
			mainGroup = 7A0AABB32AB9F738009E0DF7;
			productRefGroup = 7A0AABBD2AB9F738009E0DF7 /* Products */;
			projectDirPath = "";
			projectRoot = "";
			targets = (
				7A0AABBB2AB9F738009E0DF7 /* DogeDex */,
				7A0AABCB2AB9F73A009E0DF7 /* DogeDexTests */,
				7A0AABD52AB9F73A009E0DF7 /* DogeDexUITests */,
			);
		};
/* End PBXProject section */

/* Begin PBXResourcesBuildPhase section */
		7A0AABBA2AB9F738009E0DF7 /* Resources */ = {
			isa = PBXResourcesBuildPhase;
			buildActionMask = 2147483647;
			files = (
				7A0AABC72AB9F73A009E0DF7 /* Preview Assets.xcassets in Resources */,
				7A865D222BA2400D00FB2C94 /* 404_Dog.png in Resources */,
				7A0AABC42AB9F73A009E0DF7 /* Assets.xcassets in Resources */,
				7A0AABEB2ABA31BA009E0DF7 /* Dogs.json in Resources */,
			);
			runOnlyForDeploymentPostprocessing = 0;
		};
		7A0AABCA2AB9F73A009E0DF7 /* Resources */ = {
			isa = PBXResourcesBuildPhase;
			buildActionMask = 2147483647;
			files = (
			);
			runOnlyForDeploymentPostprocessing = 0;
		};
		7A0AABD42AB9F73A009E0DF7 /* Resources */ = {
			isa = PBXResourcesBuildPhase;
			buildActionMask = 2147483647;
			files = (
			);
			runOnlyForDeploymentPostprocessing = 0;
		};
/* End PBXResourcesBuildPhase section */

/* Begin PBXSourcesBuildPhase section */
		7A0AABB82AB9F738009E0DF7 /* Sources */ = {
			isa = PBXSourcesBuildPhase;
			buildActionMask = 2147483647;
			files = (
				7AF32BA12ABD01A500AEABAF /* DogExpandedCardView.swift in Sources */,
				7A0AABF12ABA35B0009E0DF7 /* DogModel.swift in Sources */,
				7A0AABC22AB9F738009E0DF7 /* ContentView.swift in Sources */,
				7A0AABF42ABB3BA1009E0DF7 /* DogViewModel.swift in Sources */,
				7A0AABEE2ABA32B0009E0DF7 /* Helpers.swift in Sources */,
				7A0AABF72ABB3BBE009E0DF7 /* DogManager.swift in Sources */,
				7A0AABFE2ABB5150009E0DF7 /* DogView.swift in Sources */,
				7A0AABC02AB9F738009E0DF7 /* DogeDexApp.swift in Sources */,
				7A0AABFA2ABB4E84009E0DF7 /* DogDetailView.swift in Sources */,
			);
			runOnlyForDeploymentPostprocessing = 0;
		};
		7A0AABC82AB9F73A009E0DF7 /* Sources */ = {
			isa = PBXSourcesBuildPhase;
			buildActionMask = 2147483647;
			files = (
				7A0AABD12AB9F73A009E0DF7 /* DogeDexTests.swift in Sources */,
			);
			runOnlyForDeploymentPostprocessing = 0;
		};
		7A0AABD22AB9F73A009E0DF7 /* Sources */ = {
			isa = PBXSourcesBuildPhase;
			buildActionMask = 2147483647;
			files = (
				7A0AABDB2AB9F73A009E0DF7 /* DogeDexUITests.swift in Sources */,
				7A0AABDD2AB9F73A009E0DF7 /* DogeDexUITestsLaunchTests.swift in Sources */,
			);
			runOnlyForDeploymentPostprocessing = 0;
		};
/* End PBXSourcesBuildPhase section */

/* Begin PBXTargetDependency section */
		7A0AABCE2AB9F73A009E0DF7 /* PBXTargetDependency */ = {
			isa = PBXTargetDependency;
			target = 7A0AABBB2AB9F738009E0DF7 /* DogeDex */;
			targetProxy = 7A0AABCD2AB9F73A009E0DF7 /* PBXContainerItemProxy */;
		};
		7A0AABD82AB9F73A009E0DF7 /* PBXTargetDependency */ = {
			isa = PBXTargetDependency;
			target = 7A0AABBB2AB9F738009E0DF7 /* DogeDex */;
			targetProxy = 7A0AABD72AB9F73A009E0DF7 /* PBXContainerItemProxy */;
		};
/* End PBXTargetDependency section */

/* Begin XCBuildConfiguration section */
		7A0AABDE2AB9F73A009E0DF7 /* Debug */ = {
			isa = XCBuildConfiguration;
			buildSettings = {
				ALWAYS_SEARCH_USER_PATHS = NO;
				CLANG_ANALYZER_NONNULL = YES;
				CLANG_ANALYZER_NUMBER_OBJECT_CONVERSION = YES_AGGRESSIVE;
				CLANG_CXX_LANGUAGE_STANDARD = "gnu++20";
				CLANG_ENABLE_MODULES = YES;
				CLANG_ENABLE_OBJC_ARC = YES;
				CLANG_ENABLE_OBJC_WEAK = YES;
				CLANG_WARN_BLOCK_CAPTURE_AUTORELEASING = YES;
				CLANG_WARN_BOOL_CONVERSION = YES;
				CLANG_WARN_COMMA = YES;
				CLANG_WARN_CONSTANT_CONVERSION = YES;
				CLANG_WARN_DEPRECATED_OBJC_IMPLEMENTATIONS = YES;
				CLANG_WARN_DIRECT_OBJC_ISA_USAGE = YES_ERROR;
				CLANG_WARN_DOCUMENTATION_COMMENTS = YES;
				CLANG_WARN_EMPTY_BODY = YES;
				CLANG_WARN_ENUM_CONVERSION = YES;
				CLANG_WARN_INFINITE_RECURSION = YES;
				CLANG_WARN_INT_CONVERSION = YES;
				CLANG_WARN_NON_LITERAL_NULL_CONVERSION = YES;
				CLANG_WARN_OBJC_IMPLICIT_RETAIN_SELF = YES;
				CLANG_WARN_OBJC_LITERAL_CONVERSION = YES;
				CLANG_WARN_OBJC_ROOT_CLASS = YES_ERROR;
				CLANG_WARN_QUOTED_INCLUDE_IN_FRAMEWORK_HEADER = YES;
				CLANG_WARN_RANGE_LOOP_ANALYSIS = YES;
				CLANG_WARN_STRICT_PROTOTYPES = YES;
				CLANG_WARN_SUSPICIOUS_MOVE = YES;
				CLANG_WARN_UNGUARDED_AVAILABILITY = YES_AGGRESSIVE;
				CLANG_WARN_UNREACHABLE_CODE = YES;
				CLANG_WARN__DUPLICATE_METHOD_MATCH = YES;
				COPY_PHASE_STRIP = NO;
				DEBUG_INFORMATION_FORMAT = dwarf;
				ENABLE_STRICT_OBJC_MSGSEND = YES;
				ENABLE_TESTABILITY = YES;
				GCC_C_LANGUAGE_STANDARD = gnu11;
				GCC_DYNAMIC_NO_PIC = NO;
				GCC_NO_COMMON_BLOCKS = YES;
				GCC_OPTIMIZATION_LEVEL = 0;
				GCC_PREPROCESSOR_DEFINITIONS = (
					"DEBUG=1",
					"$(inherited)",
				);
				GCC_WARN_64_TO_32_BIT_CONVERSION = YES;
				GCC_WARN_ABOUT_RETURN_TYPE = YES_ERROR;
				GCC_WARN_UNDECLARED_SELECTOR = YES;
				GCC_WARN_UNINITIALIZED_AUTOS = YES_AGGRESSIVE;
				GCC_WARN_UNUSED_FUNCTION = YES;
				GCC_WARN_UNUSED_VARIABLE = YES;
				IPHONEOS_DEPLOYMENT_TARGET = 16.2;
				MTL_ENABLE_DEBUG_INFO = INCLUDE_SOURCE;
				MTL_FAST_MATH = YES;
				ONLY_ACTIVE_ARCH = YES;
				SDKROOT = iphoneos;
				SWIFT_ACTIVE_COMPILATION_CONDITIONS = DEBUG;
				SWIFT_OPTIMIZATION_LEVEL = "-Onone";
			};
			name = Debug;
		};
		7A0AABDF2AB9F73A009E0DF7 /* Release */ = {
			isa = XCBuildConfiguration;
			buildSettings = {
				ALWAYS_SEARCH_USER_PATHS = NO;
				CLANG_ANALYZER_NONNULL = YES;
				CLANG_ANALYZER_NUMBER_OBJECT_CONVERSION = YES_AGGRESSIVE;
				CLANG_CXX_LANGUAGE_STANDARD = "gnu++20";
				CLANG_ENABLE_MODULES = YES;
				CLANG_ENABLE_OBJC_ARC = YES;
				CLANG_ENABLE_OBJC_WEAK = YES;
				CLANG_WARN_BLOCK_CAPTURE_AUTORELEASING = YES;
				CLANG_WARN_BOOL_CONVERSION = YES;
				CLANG_WARN_COMMA = YES;
				CLANG_WARN_CONSTANT_CONVERSION = YES;
				CLANG_WARN_DEPRECATED_OBJC_IMPLEMENTATIONS = YES;
				CLANG_WARN_DIRECT_OBJC_ISA_USAGE = YES_ERROR;
				CLANG_WARN_DOCUMENTATION_COMMENTS = YES;
				CLANG_WARN_EMPTY_BODY = YES;
				CLANG_WARN_ENUM_CONVERSION = YES;
				CLANG_WARN_INFINITE_RECURSION = YES;
				CLANG_WARN_INT_CONVERSION = YES;
				CLANG_WARN_NON_LITERAL_NULL_CONVERSION = YES;
				CLANG_WARN_OBJC_IMPLICIT_RETAIN_SELF = YES;
				CLANG_WARN_OBJC_LITERAL_CONVERSION = YES;
				CLANG_WARN_OBJC_ROOT_CLASS = YES_ERROR;
				CLANG_WARN_QUOTED_INCLUDE_IN_FRAMEWORK_HEADER = YES;
				CLANG_WARN_RANGE_LOOP_ANALYSIS = YES;
				CLANG_WARN_STRICT_PROTOTYPES = YES;
				CLANG_WARN_SUSPICIOUS_MOVE = YES;
				CLANG_WARN_UNGUARDED_AVAILABILITY = YES_AGGRESSIVE;
				CLANG_WARN_UNREACHABLE_CODE = YES;
				CLANG_WARN__DUPLICATE_METHOD_MATCH = YES;
				COPY_PHASE_STRIP = NO;
				DEBUG_INFORMATION_FORMAT = "dwarf-with-dsym";
				ENABLE_NS_ASSERTIONS = NO;
				ENABLE_STRICT_OBJC_MSGSEND = YES;
				GCC_C_LANGUAGE_STANDARD = gnu11;
				GCC_NO_COMMON_BLOCKS = YES;
				GCC_WARN_64_TO_32_BIT_CONVERSION = YES;
				GCC_WARN_ABOUT_RETURN_TYPE = YES_ERROR;
				GCC_WARN_UNDECLARED_SELECTOR = YES;
				GCC_WARN_UNINITIALIZED_AUTOS = YES_AGGRESSIVE;
				GCC_WARN_UNUSED_FUNCTION = YES;
				GCC_WARN_UNUSED_VARIABLE = YES;
				IPHONEOS_DEPLOYMENT_TARGET = 16.2;
				MTL_ENABLE_DEBUG_INFO = NO;
				MTL_FAST_MATH = YES;
				SDKROOT = iphoneos;
				SWIFT_COMPILATION_MODE = wholemodule;
				SWIFT_OPTIMIZATION_LEVEL = "-O";
				VALIDATE_PRODUCT = YES;
			};
			name = Release;
		};
		7A0AABE12AB9F73A009E0DF7 /* Debug */ = {
			isa = XCBuildConfiguration;
			buildSettings = {
				ASSETCATALOG_COMPILER_APPICON_NAME = AppIcon;
				ASSETCATALOG_COMPILER_GLOBAL_ACCENT_COLOR_NAME = AccentColor;
				CODE_SIGN_STYLE = Automatic;
				CURRENT_PROJECT_VERSION = 1;
				DEVELOPMENT_ASSET_PATHS = "\"DogeDex/Preview Content\"";
				DEVELOPMENT_TEAM = ADXS38U6E9;
				ENABLE_PREVIEWS = YES;
				GENERATE_INFOPLIST_FILE = YES;
				INFOPLIST_KEY_UIApplicationSceneManifest_Generation = YES;
				INFOPLIST_KEY_UIApplicationSupportsIndirectInputEvents = YES;
				INFOPLIST_KEY_UILaunchScreen_Generation = YES;
				INFOPLIST_KEY_UISupportedInterfaceOrientations_iPad = "UIInterfaceOrientationPortrait UIInterfaceOrientationPortraitUpsideDown UIInterfaceOrientationLandscapeLeft UIInterfaceOrientationLandscapeRight";
				INFOPLIST_KEY_UISupportedInterfaceOrientations_iPhone = "UIInterfaceOrientationPortrait UIInterfaceOrientationLandscapeLeft UIInterfaceOrientationLandscapeRight";
				LD_RUNPATH_SEARCH_PATHS = (
					"$(inherited)",
					"@executable_path/Frameworks",
				);
				MARKETING_VERSION = 1.0;
				PRODUCT_BUNDLE_IDENTIFIER = gaurang215.DogeDex;
				PRODUCT_NAME = "$(TARGET_NAME)";
				SWIFT_EMIT_LOC_STRINGS = YES;
				SWIFT_VERSION = 5.0;
				TARGETED_DEVICE_FAMILY = "1,2";
			};
			name = Debug;
		};
		7A0AABE22AB9F73A009E0DF7 /* Release */ = {
			isa = XCBuildConfiguration;
			buildSettings = {
				ASSETCATALOG_COMPILER_APPICON_NAME = AppIcon;
				ASSETCATALOG_COMPILER_GLOBAL_ACCENT_COLOR_NAME = AccentColor;
				CODE_SIGN_STYLE = Automatic;
				CURRENT_PROJECT_VERSION = 1;
				DEVELOPMENT_ASSET_PATHS = "\"DogeDex/Preview Content\"";
				DEVELOPMENT_TEAM = ADXS38U6E9;
				ENABLE_PREVIEWS = YES;
				GENERATE_INFOPLIST_FILE = YES;
				INFOPLIST_KEY_UIApplicationSceneManifest_Generation = YES;
				INFOPLIST_KEY_UIApplicationSupportsIndirectInputEvents = YES;
				INFOPLIST_KEY_UILaunchScreen_Generation = YES;
				INFOPLIST_KEY_UISupportedInterfaceOrientations_iPad = "UIInterfaceOrientationPortrait UIInterfaceOrientationPortraitUpsideDown UIInterfaceOrientationLandscapeLeft UIInterfaceOrientationLandscapeRight";
				INFOPLIST_KEY_UISupportedInterfaceOrientations_iPhone = "UIInterfaceOrientationPortrait UIInterfaceOrientationLandscapeLeft UIInterfaceOrientationLandscapeRight";
				LD_RUNPATH_SEARCH_PATHS = (
					"$(inherited)",
					"@executable_path/Frameworks",
				);
				MARKETING_VERSION = 1.0;
				PRODUCT_BUNDLE_IDENTIFIER = gaurang215.DogeDex;
				PRODUCT_NAME = "$(TARGET_NAME)";
				SWIFT_EMIT_LOC_STRINGS = YES;
				SWIFT_VERSION = 5.0;
				TARGETED_DEVICE_FAMILY = "1,2";
			};
			name = Release;
		};
		7A0AABE42AB9F73A009E0DF7 /* Debug */ = {
			isa = XCBuildConfiguration;
			buildSettings = {
				ALWAYS_EMBED_SWIFT_STANDARD_LIBRARIES = YES;
				BUNDLE_LOADER = "$(TEST_HOST)";
				CODE_SIGN_STYLE = Automatic;
				CURRENT_PROJECT_VERSION = 1;
				DEVELOPMENT_TEAM = ADXS38U6E9;
				GENERATE_INFOPLIST_FILE = YES;
				IPHONEOS_DEPLOYMENT_TARGET = 16.2;
				MARKETING_VERSION = 1.0;
				PRODUCT_BUNDLE_IDENTIFIER = gaurang215.DogeDexTests;
				PRODUCT_NAME = "$(TARGET_NAME)";
				SWIFT_EMIT_LOC_STRINGS = NO;
				SWIFT_VERSION = 5.0;
				TARGETED_DEVICE_FAMILY = "1,2";
				TEST_HOST = "$(BUILT_PRODUCTS_DIR)/DogeDex.app/$(BUNDLE_EXECUTABLE_FOLDER_PATH)/DogeDex";
			};
			name = Debug;
		};
		7A0AABE52AB9F73A009E0DF7 /* Release */ = {
			isa = XCBuildConfiguration;
			buildSettings = {
				ALWAYS_EMBED_SWIFT_STANDARD_LIBRARIES = YES;
				BUNDLE_LOADER = "$(TEST_HOST)";
				CODE_SIGN_STYLE = Automatic;
				CURRENT_PROJECT_VERSION = 1;
				DEVELOPMENT_TEAM = ADXS38U6E9;
				GENERATE_INFOPLIST_FILE = YES;
				IPHONEOS_DEPLOYMENT_TARGET = 16.2;
				MARKETING_VERSION = 1.0;
				PRODUCT_BUNDLE_IDENTIFIER = gaurang215.DogeDexTests;
				PRODUCT_NAME = "$(TARGET_NAME)";
				SWIFT_EMIT_LOC_STRINGS = NO;
				SWIFT_VERSION = 5.0;
				TARGETED_DEVICE_FAMILY = "1,2";
				TEST_HOST = "$(BUILT_PRODUCTS_DIR)/DogeDex.app/$(BUNDLE_EXECUTABLE_FOLDER_PATH)/DogeDex";
			};
			name = Release;
		};
		7A0AABE72AB9F73A009E0DF7 /* Debug */ = {
			isa = XCBuildConfiguration;
			buildSettings = {
				ALWAYS_EMBED_SWIFT_STANDARD_LIBRARIES = YES;
				CODE_SIGN_STYLE = Automatic;
				CURRENT_PROJECT_VERSION = 1;
				DEVELOPMENT_TEAM = ADXS38U6E9;
				GENERATE_INFOPLIST_FILE = YES;
				MARKETING_VERSION = 1.0;
				PRODUCT_BUNDLE_IDENTIFIER = gaurang215.DogeDexUITests;
				PRODUCT_NAME = "$(TARGET_NAME)";
				SWIFT_EMIT_LOC_STRINGS = NO;
				SWIFT_VERSION = 5.0;
				TARGETED_DEVICE_FAMILY = "1,2";
				TEST_TARGET_NAME = DogeDex;
			};
			name = Debug;
		};
		7A0AABE82AB9F73A009E0DF7 /* Release */ = {
			isa = XCBuildConfiguration;
			buildSettings = {
				ALWAYS_EMBED_SWIFT_STANDARD_LIBRARIES = YES;
				CODE_SIGN_STYLE = Automatic;
				CURRENT_PROJECT_VERSION = 1;
				DEVELOPMENT_TEAM = ADXS38U6E9;
				GENERATE_INFOPLIST_FILE = YES;
				MARKETING_VERSION = 1.0;
				PRODUCT_BUNDLE_IDENTIFIER = gaurang215.DogeDexUITests;
				PRODUCT_NAME = "$(TARGET_NAME)";
				SWIFT_EMIT_LOC_STRINGS = NO;
				SWIFT_VERSION = 5.0;
				TARGETED_DEVICE_FAMILY = "1,2";
				TEST_TARGET_NAME = DogeDex;
			};
			name = Release;
		};
/* End XCBuildConfiguration section */

/* Begin XCConfigurationList section */
		7A0AABB72AB9F738009E0DF7 /* Build configuration list for PBXProject "DogeDex" */ = {
			isa = XCConfigurationList;
			buildConfigurations = (
				7A0AABDE2AB9F73A009E0DF7 /* Debug */,
				7A0AABDF2AB9F73A009E0DF7 /* Release */,
			);
			defaultConfigurationIsVisible = 0;
			defaultConfigurationName = Release;
		};
		7A0AABE02AB9F73A009E0DF7 /* Build configuration list for PBXNativeTarget "DogeDex" */ = {
			isa = XCConfigurationList;
			buildConfigurations = (
				7A0AABE12AB9F73A009E0DF7 /* Debug */,
				7A0AABE22AB9F73A009E0DF7 /* Release */,
			);
			defaultConfigurationIsVisible = 0;
			defaultConfigurationName = Release;
		};
		7A0AABE32AB9F73A009E0DF7 /* Build configuration list for PBXNativeTarget "DogeDexTests" */ = {
			isa = XCConfigurationList;
			buildConfigurations = (
				7A0AABE42AB9F73A009E0DF7 /* Debug */,
				7A0AABE52AB9F73A009E0DF7 /* Release */,
			);
			defaultConfigurationIsVisible = 0;
			defaultConfigurationName = Release;
		};
		7A0AABE62AB9F73A009E0DF7 /* Build configuration list for PBXNativeTarget "DogeDexUITests" */ = {
			isa = XCConfigurationList;
			buildConfigurations = (
				7A0AABE72AB9F73A009E0DF7 /* Debug */,
				7A0AABE82AB9F73A009E0DF7 /* Release */,
			);
			defaultConfigurationIsVisible = 0;
			defaultConfigurationName = Release;
		};
/* End XCConfigurationList section */
	};
	rootObject = 7A0AABB42AB9F738009E0DF7 /* Project object */;
}
